PODS:
  - ARCL (1.2.1)
  - Cartography (4.0.0)
  - Kingfisher (5.6.0)

DEPENDENCIES:
  - ARCL (= 1.2.1)
  - Cartography
  - Kingfisher

SPEC REPOS:
  https://github.com/cocoapods/specs.git:
    - ARCL
    - Cartography
    - Kingfisher

SPEC CHECKSUMS:
  ARCL: d1a534afb4d5b8ff5c51c5cfe23bb998df36c606
  Cartography: c5626d29056b20f1e95c017326ee4df57cc39ad8
  Kingfisher: 1a50df6880a60bae26f3e21a0df3d17b892f5e0b

PODFILE CHECKSUM: c86e57ec44e3c2e75360980f12b017115e1890d9

COCOAPODS: 1.7.5
