// !$*UTF8*$!
{
	archiveVersion = 1;
	classes = {
	};
	objectVersion = 51;
	objects = {

/* Begin PBXBuildFile section */
		36000B302304FE1100AD733F /* README.md in Resources */ = {isa = PBXBuildFile; fileRef = 36000B2F2304FE1100AD733F /* README.md */; };
		36000B332305003A00AD733F /* Schedule.storyboard in Resources */ = {isa = PBXBuildFile; fileRef = 36000B322305003A00AD733F /* Schedule.storyboard */; };
		36000B352305005700AD733F /* ScheduleTableViewController.swift in Sources */ = {isa = PBXBuildFile; fileRef = 36000B342305005700AD733F /* ScheduleTableViewController.swift */; };
		36000B37230500EC00AD733F /* schedule.json in Resources */ = {isa = PBXBuildFile; fileRef = 36000B36230500EC00AD733F /* schedule.json */; };
		36000B392305016900AD733F /* Schedule.swift in Sources */ = {isa = PBXBuildFile; fileRef = 36000B382305016900AD733F /* Schedule.swift */; };
		36000B412305019900AD733F /* ARNavigationTests.swift in Sources */ = {isa = PBXBuildFile; fileRef = 36000B402305019900AD733F /* ARNavigationTests.swift */; };
		36000B4B2305045E00AD733F /* ScheduleServiceTest.swift in Sources */ = {isa = PBXBuildFile; fileRef = 36000B4A2305045E00AD733F /* ScheduleServiceTest.swift */; };
		36000B4D23050DD800AD733F /* SessionCell.swift in Sources */ = {isa = PBXBuildFile; fileRef = 36000B4C23050DD800AD733F /* SessionCell.swift */; };
		36000B4F230628DF00AD733F /* UIColor+Hex.swift in Sources */ = {isa = PBXBuildFile; fileRef = 36000B4E230628DF00AD733F /* UIColor+Hex.swift */; };
		36000B512306508D00AD733F /* String+HTML.swift in Sources */ = {isa = PBXBuildFile; fileRef = 36000B502306508D00AD733F /* String+HTML.swift */; };
		36780F23230C2E49004439E1 /* RemoteScheduleService.swift in Sources */ = {isa = PBXBuildFile; fileRef = 36780F22230C2E49004439E1 /* RemoteScheduleService.swift */; };
		36780F25230C2F05004439E1 /* ScheduleService.swift in Sources */ = {isa = PBXBuildFile; fileRef = 36780F24230C2F05004439E1 /* ScheduleService.swift */; };
		36780F27230C322C004439E1 /* RemoteScheduleServiceTest.swift in Sources */ = {isa = PBXBuildFile; fileRef = 36780F26230C322C004439E1 /* RemoteScheduleServiceTest.swift */; };
		368D24FE23009270003D014E /* AppDelegate.swift in Sources */ = {isa = PBXBuildFile; fileRef = 368D24FD23009270003D014E /* AppDelegate.swift */; };
		368D250023009270003D014E /* MainViewController.swift in Sources */ = {isa = PBXBuildFile; fileRef = 368D24FF23009270003D014E /* MainViewController.swift */; };
		368D250323009270003D014E /* Main.storyboard in Resources */ = {isa = PBXBuildFile; fileRef = 368D250123009270003D014E /* Main.storyboard */; };
		368D250523009274003D014E /* Assets.xcassets in Resources */ = {isa = PBXBuildFile; fileRef = 368D250423009274003D014E /* Assets.xcassets */; };
		368D250823009274003D014E /* LaunchScreen.storyboard in Resources */ = {isa = PBXBuildFile; fileRef = 368D250623009274003D014E /* LaunchScreen.storyboard */; };
		368D25122300B567003D014E /* ShowPinsViewController.swift in Sources */ = {isa = PBXBuildFile; fileRef = 368D25112300B567003D014E /* ShowPinsViewController.swift */; };
		368D25142300BF31003D014E /* NavigateToViewController.swift in Sources */ = {isa = PBXBuildFile; fileRef = 368D25132300BF31003D014E /* NavigateToViewController.swift */; };
		368D251723043AE3003D014E /* Action.swift in Sources */ = {isa = PBXBuildFile; fileRef = 368D251623043AE3003D014E /* Action.swift */; };
		368D251B23043BA4003D014E /* MKMapView+Zoom.swift in Sources */ = {isa = PBXBuildFile; fileRef = 368D251A23043BA4003D014E /* MKMapView+Zoom.swift */; };
		368D251E2304F9E5003D014E /* UIViewController+Alert.swift in Sources */ = {isa = PBXBuildFile; fileRef = 368D251D2304F9E5003D014E /* UIViewController+Alert.swift */; };
		36C09C89230D5EFD00749184 /* Schedule+Additions.swift in Sources */ = {isa = PBXBuildFile; fileRef = 36C09C88230D5EFD00749184 /* Schedule+Additions.swift */; };
		7CEB054D02FDF8A723B50A2F /* Pods_360iDev_AR_Navigation.framework in Frameworks */ = {isa = PBXBuildFile; fileRef = C5610097DF2CE77FD5F4F905 /* Pods_360iDev_AR_Navigation.framework */; };
/* End PBXBuildFile section */

/* Begin PBXContainerItemProxy section */
		36000B432305019900AD733F /* PBXContainerItemProxy */ = {
			isa = PBXContainerItemProxy;
			containerPortal = 368D24F223009270003D014E /* Project object */;
			proxyType = 1;
			remoteGlobalIDString = 368D24F923009270003D014E;
			remoteInfo = "360iDev AR Navigation";
		};
/* End PBXContainerItemProxy section */

/* Begin PBXFileReference section */
		36000B2F2304FE1100AD733F /* README.md */ = {isa = PBXFileReference; fileEncoding = 4; lastKnownFileType = net.daringfireball.markdown; path = README.md; sourceTree = "<group>"; };
		36000B322305003A00AD733F /* Schedule.storyboard */ = {isa = PBXFileReference; lastKnownFileType = file.storyboard; path = Schedule.storyboard; sourceTree = "<group>"; };
		36000B342305005700AD733F /* ScheduleTableViewController.swift */ = {isa = PBXFileReference; lastKnownFileType = sourcecode.swift; path = ScheduleTableViewController.swift; sourceTree = "<group>"; };
		36000B36230500EC00AD733F /* schedule.json */ = {isa = PBXFileReference; fileEncoding = 4; lastKnownFileType = text.json; path = schedule.json; sourceTree = "<group>"; };
		36000B382305016900AD733F /* Schedule.swift */ = {isa = PBXFileReference; lastKnownFileType = sourcecode.swift; path = Schedule.swift; sourceTree = "<group>"; };
		36000B3E2305019900AD733F /* 360iDevARNavigationTests.xctest */ = {isa = PBXFileReference; explicitFileType = wrapper.cfbundle; includeInIndex = 0; path = 360iDevARNavigationTests.xctest; sourceTree = BUILT_PRODUCTS_DIR; };
		36000B402305019900AD733F /* ARNavigationTests.swift */ = {isa = PBXFileReference; lastKnownFileType = sourcecode.swift; path = ARNavigationTests.swift; sourceTree = "<group>"; };
		36000B422305019900AD733F /* Info.plist */ = {isa = PBXFileReference; lastKnownFileType = text.plist.xml; path = Info.plist; sourceTree = "<group>"; };
		36000B4A2305045E00AD733F /* ScheduleServiceTest.swift */ = {isa = PBXFileReference; lastKnownFileType = sourcecode.swift; path = ScheduleServiceTest.swift; sourceTree = "<group>"; };
		36000B4C23050DD800AD733F /* SessionCell.swift */ = {isa = PBXFileReference; lastKnownFileType = sourcecode.swift; path = SessionCell.swift; sourceTree = "<group>"; };
		36000B4E230628DF00AD733F /* UIColor+Hex.swift */ = {isa = PBXFileReference; lastKnownFileType = sourcecode.swift; path = "UIColor+Hex.swift"; sourceTree = "<group>"; };
		36000B502306508D00AD733F /* String+HTML.swift */ = {isa = PBXFileReference; lastKnownFileType = sourcecode.swift; path = "String+HTML.swift"; sourceTree = "<group>"; };
		36780F22230C2E49004439E1 /* RemoteScheduleService.swift */ = {isa = PBXFileReference; lastKnownFileType = sourcecode.swift; path = RemoteScheduleService.swift; sourceTree = "<group>"; };
		36780F24230C2F05004439E1 /* ScheduleService.swift */ = {isa = PBXFileReference; fileEncoding = 4; lastKnownFileType = sourcecode.swift; path = ScheduleService.swift; sourceTree = "<group>"; };
		36780F26230C322C004439E1 /* RemoteScheduleServiceTest.swift */ = {isa = PBXFileReference; lastKnownFileType = sourcecode.swift; path = RemoteScheduleServiceTest.swift; sourceTree = "<group>"; };
		368D24FA23009270003D014E /* 360iDev AR Navigation.app */ = {isa = PBXFileReference; explicitFileType = wrapper.application; includeInIndex = 0; path = "360iDev AR Navigation.app"; sourceTree = BUILT_PRODUCTS_DIR; };
		368D24FD23009270003D014E /* AppDelegate.swift */ = {isa = PBXFileReference; lastKnownFileType = sourcecode.swift; path = AppDelegate.swift; sourceTree = "<group>"; };
		368D24FF23009270003D014E /* MainViewController.swift */ = {isa = PBXFileReference; lastKnownFileType = sourcecode.swift; path = MainViewController.swift; sourceTree = "<group>"; };
		368D250223009270003D014E /* Base */ = {isa = PBXFileReference; lastKnownFileType = file.storyboard; name = Base; path = Base.lproj/Main.storyboard; sourceTree = "<group>"; };
		368D250423009274003D014E /* Assets.xcassets */ = {isa = PBXFileReference; lastKnownFileType = folder.assetcatalog; path = Assets.xcassets; sourceTree = "<group>"; };
		368D250723009274003D014E /* Base */ = {isa = PBXFileReference; lastKnownFileType = file.storyboard; name = Base; path = Base.lproj/LaunchScreen.storyboard; sourceTree = "<group>"; };
		368D250923009274003D014E /* Info.plist */ = {isa = PBXFileReference; lastKnownFileType = text.plist.xml; path = Info.plist; sourceTree = "<group>"; };
		368D25112300B567003D014E /* ShowPinsViewController.swift */ = {isa = PBXFileReference; lastKnownFileType = sourcecode.swift; path = ShowPinsViewController.swift; sourceTree = "<group>"; };
		368D25132300BF31003D014E /* NavigateToViewController.swift */ = {isa = PBXFileReference; lastKnownFileType = sourcecode.swift; path = NavigateToViewController.swift; sourceTree = "<group>"; };
		368D251623043AE3003D014E /* Action.swift */ = {isa = PBXFileReference; lastKnownFileType = sourcecode.swift; path = Action.swift; sourceTree = "<group>"; };
		368D251A23043BA4003D014E /* MKMapView+Zoom.swift */ = {isa = PBXFileReference; lastKnownFileType = sourcecode.swift; path = "MKMapView+Zoom.swift"; sourceTree = "<group>"; };
		368D251D2304F9E5003D014E /* UIViewController+Alert.swift */ = {isa = PBXFileReference; lastKnownFileType = sourcecode.swift; path = "UIViewController+Alert.swift"; sourceTree = "<group>"; };
		36C09C88230D5EFD00749184 /* Schedule+Additions.swift */ = {isa = PBXFileReference; lastKnownFileType = sourcecode.swift; path = "Schedule+Additions.swift"; sourceTree = "<group>"; };
		48AC4C60A3ACA9F1CAE6E421 /* Pods-360iDev AR Navigation.debug.xcconfig */ = {isa = PBXFileReference; includeInIndex = 1; lastKnownFileType = text.xcconfig; name = "Pods-360iDev AR Navigation.debug.xcconfig"; path = "Target Support Files/Pods-360iDev AR Navigation/Pods-360iDev AR Navigation.debug.xcconfig"; sourceTree = "<group>"; };
		C5610097DF2CE77FD5F4F905 /* Pods_360iDev_AR_Navigation.framework */ = {isa = PBXFileReference; explicitFileType = wrapper.framework; includeInIndex = 0; path = Pods_360iDev_AR_Navigation.framework; sourceTree = BUILT_PRODUCTS_DIR; };
		D6E6296B617F283D3BD5FBB6 /* Pods-360iDev AR Navigation.release.xcconfig */ = {isa = PBXFileReference; includeInIndex = 1; lastKnownFileType = text.xcconfig; name = "Pods-360iDev AR Navigation.release.xcconfig"; path = "Target Support Files/Pods-360iDev AR Navigation/Pods-360iDev AR Navigation.release.xcconfig"; sourceTree = "<group>"; };
/* End PBXFileReference section */

/* Begin PBXFrameworksBuildPhase section */
		36000B3B2305019900AD733F /* Frameworks */ = {
			isa = PBXFrameworksBuildPhase;
			buildActionMask = 2147483647;
			files = (
			);
			runOnlyForDeploymentPostprocessing = 0;
		};
		368D24F723009270003D014E /* Frameworks */ = {
			isa = PBXFrameworksBuildPhase;
			buildActionMask = 2147483647;
			files = (
				7CEB054D02FDF8A723B50A2F /* Pods_360iDev_AR_Navigation.framework in Frameworks */,
			);
			runOnlyForDeploymentPostprocessing = 0;
		};
/* End PBXFrameworksBuildPhase section */

/* Begin PBXGroup section */
		320F2D7285A35F978AFF6A2F /* Pods */ = {
			isa = PBXGroup;
			children = (
				48AC4C60A3ACA9F1CAE6E421 /* Pods-360iDev AR Navigation.debug.xcconfig */,
				D6E6296B617F283D3BD5FBB6 /* Pods-360iDev AR Navigation.release.xcconfig */,
			);
			path = Pods;
			sourceTree = "<group>";
		};
		36000B312304FFEB00AD733F /* Schedule */ = {
			isa = PBXGroup;
			children = (
				36000B36230500EC00AD733F /* schedule.json */,
				36000B322305003A00AD733F /* Schedule.storyboard */,
				36000B342305005700AD733F /* ScheduleTableViewController.swift */,
				36000B4C23050DD800AD733F /* SessionCell.swift */,
			);
			path = Schedule;
			sourceTree = "<group>";
		};
		36000B3F2305019900AD733F /* 360iDevARNavigationTests */ = {
			isa = PBXGroup;
			children = (
				36000B402305019900AD733F /* ARNavigationTests.swift */,
				36000B422305019900AD733F /* Info.plist */,
				36000B4A2305045E00AD733F /* ScheduleServiceTest.swift */,
				36780F26230C322C004439E1 /* RemoteScheduleServiceTest.swift */,
			);
			path = 360iDevARNavigationTests;
			sourceTree = "<group>";
		};
		36780F21230C2E25004439E1 /* Services */ = {
			isa = PBXGroup;
			children = (
				36780F24230C2F05004439E1 /* ScheduleService.swift */,
				36780F22230C2E49004439E1 /* RemoteScheduleService.swift */,
			);
			path = Services;
			sourceTree = "<group>";
		};
		368D24F123009270003D014E = {
			isa = PBXGroup;
			children = (
				36000B2F2304FE1100AD733F /* README.md */,
				368D24FC23009270003D014E /* 360iDev AR Navigation */,
				36000B3F2305019900AD733F /* 360iDevARNavigationTests */,
				7163EF8C9A806DDCD31B47C4 /* Frameworks */,
				320F2D7285A35F978AFF6A2F /* Pods */,
				368D24FB23009270003D014E /* Products */,
			);
			sourceTree = "<group>";
		};
		368D24FB23009270003D014E /* Products */ = {
			isa = PBXGroup;
			children = (
				368D24FA23009270003D014E /* 360iDev AR Navigation.app */,
				36000B3E2305019900AD733F /* 360iDevARNavigationTests.xctest */,
			);
			name = Products;
			sourceTree = "<group>";
		};
		368D24FC23009270003D014E /* 360iDev AR Navigation */ = {
			isa = PBXGroup;
			children = (
				368D250923009274003D014E /* Info.plist */,
				368D24FD23009270003D014E /* AppDelegate.swift */,
				368D250423009274003D014E /* Assets.xcassets */,
				368D251823043B63003D014E /* AR */,
				368D251923043B91003D014E /* Extensions */,
				368D250623009274003D014E /* LaunchScreen.storyboard */,
				368D251C23043D2E003D014E /* Main */,
				368D250123009270003D014E /* Main.storyboard */,
				368D251523043AD2003D014E /* Models */,
				36000B312304FFEB00AD733F /* Schedule */,
				36780F21230C2E25004439E1 /* Services */,
			);
			path = "360iDev AR Navigation";
			sourceTree = "<group>";
		};
		368D251523043AD2003D014E /* Models */ = {
			isa = PBXGroup;
			children = (
				368D251623043AE3003D014E /* Action.swift */,
				36000B382305016900AD733F /* Schedule.swift */,
				36C09C88230D5EFD00749184 /* Schedule+Additions.swift */,
			);
			path = Models;
			sourceTree = "<group>";
		};
		368D251823043B63003D014E /* AR */ = {
			isa = PBXGroup;
			children = (
				368D25132300BF31003D014E /* NavigateToViewController.swift */,
				368D25112300B567003D014E /* ShowPinsViewController.swift */,
			);
			path = AR;
			sourceTree = "<group>";
		};
		368D251923043B91003D014E /* Extensions */ = {
			isa = PBXGroup;
			children = (
				368D251A23043BA4003D014E /* MKMapView+Zoom.swift */,
				368D251D2304F9E5003D014E /* UIViewController+Alert.swift */,
				36000B4E230628DF00AD733F /* UIColor+Hex.swift */,
				36000B502306508D00AD733F /* String+HTML.swift */,
			);
			path = Extensions;
			sourceTree = "<group>";
		};
		368D251C23043D2E003D014E /* Main */ = {
			isa = PBXGroup;
			children = (
				368D24FF23009270003D014E /* MainViewController.swift */,
			);
			path = Main;
			sourceTree = "<group>";
		};
		7163EF8C9A806DDCD31B47C4 /* Frameworks */ = {
			isa = PBXGroup;
			children = (
				C5610097DF2CE77FD5F4F905 /* Pods_360iDev_AR_Navigation.framework */,
			);
			name = Frameworks;
			sourceTree = "<group>";
		};
/* End PBXGroup section */

/* Begin PBXNativeTarget section */
		36000B3D2305019900AD733F /* 360iDevARNavigationTests */ = {
			isa = PBXNativeTarget;
			buildConfigurationList = 36000B452305019900AD733F /* Build configuration list for PBXNativeTarget "360iDevARNavigationTests" */;
			buildPhases = (
				36000B3A2305019900AD733F /* Sources */,
				36000B3B2305019900AD733F /* Frameworks */,
				36000B3C2305019900AD733F /* Resources */,
			);
			buildRules = (
			);
			dependencies = (
				36000B442305019900AD733F /* PBXTargetDependency */,
			);
			name = 360iDevARNavigationTests;
			productName = 360iDevARNavigationTests;
			productReference = 36000B3E2305019900AD733F /* 360iDevARNavigationTests.xctest */;
			productType = "com.apple.product-type.bundle.unit-test";
		};
		368D24F923009270003D014E /* 360iDev AR Navigation */ = {
			isa = PBXNativeTarget;
			buildConfigurationList = 368D250C23009274003D014E /* Build configuration list for PBXNativeTarget "360iDev AR Navigation" */;
			buildPhases = (
				588AA8A85910943A6C7193AC /* [CP] Check Pods Manifest.lock */,
				368D24F623009270003D014E /* Sources */,
				368D24F723009270003D014E /* Frameworks */,
				368D24F823009270003D014E /* Resources */,
				225775D516E7D8CF6E4620B3 /* [CP] Embed Pods Frameworks */,
			);
			buildRules = (
			);
			dependencies = (
			);
			name = "360iDev AR Navigation";
			productName = "360iDev AR Navigation";
			productReference = 368D24FA23009270003D014E /* 360iDev AR Navigation.app */;
			productType = "com.apple.product-type.application";
		};
/* End PBXNativeTarget section */

/* Begin PBXProject section */
		368D24F223009270003D014E /* Project object */ = {
			isa = PBXProject;
			attributes = {
				LastSwiftUpdateCheck = 1020;
				LastUpgradeCheck = 1020;
				ORGANIZATIONNAME = "Eric Internicola";
				TargetAttributes = {
					36000B3D2305019900AD733F = {
						CreatedOnToolsVersion = 10.2.1;
						TestTargetID = 368D24F923009270003D014E;
					};
					368D24F923009270003D014E = {
						CreatedOnToolsVersion = 10.2.1;
					};
				};
			};
			buildConfigurationList = 368D24F523009270003D014E /* Build configuration list for PBXProject "360iDev AR Navigation" */;
			compatibilityVersion = "Xcode 9.3";
			developmentRegion = en;
			hasScannedForEncodings = 0;
			knownRegions = (
				en,
				Base,
			);
			mainGroup = 368D24F123009270003D014E;
			productRefGroup = 368D24FB23009270003D014E /* Products */;
			projectDirPath = "";
			projectRoot = "";
			targets = (
				368D24F923009270003D014E /* 360iDev AR Navigation */,
				36000B3D2305019900AD733F /* 360iDevARNavigationTests */,
			);
		};
/* End PBXProject section */

/* Begin PBXResourcesBuildPhase section */
		36000B3C2305019900AD733F /* Resources */ = {
			isa = PBXResourcesBuildPhase;
			buildActionMask = 2147483647;
			files = (
			);
			runOnlyForDeploymentPostprocessing = 0;
		};
		368D24F823009270003D014E /* Resources */ = {
			isa = PBXResourcesBuildPhase;
			buildActionMask = 2147483647;
			files = (
				368D250823009274003D014E /* LaunchScreen.storyboard in Resources */,
				368D250523009274003D014E /* Assets.xcassets in Resources */,
				36000B37230500EC00AD733F /* schedule.json in Resources */,
				36000B302304FE1100AD733F /* README.md in Resources */,
				368D250323009270003D014E /* Main.storyboard in Resources */,
				36000B332305003A00AD733F /* Schedule.storyboard in Resources */,
			);
			runOnlyForDeploymentPostprocessing = 0;
		};
/* End PBXResourcesBuildPhase section */

/* Begin PBXShellScriptBuildPhase section */
		225775D516E7D8CF6E4620B3 /* [CP] Embed Pods Frameworks */ = {
			isa = PBXShellScriptBuildPhase;
			buildActionMask = 2147483647;
			files = (
			);
			inputFileListPaths = (
				"${PODS_ROOT}/Target Support Files/Pods-360iDev AR Navigation/Pods-360iDev AR Navigation-frameworks-${CONFIGURATION}-input-files.xcfilelist",
			);
			name = "[CP] Embed Pods Frameworks";
			outputFileListPaths = (
				"${PODS_ROOT}/Target Support Files/Pods-360iDev AR Navigation/Pods-360iDev AR Navigation-frameworks-${CONFIGURATION}-output-files.xcfilelist",
			);
			runOnlyForDeploymentPostprocessing = 0;
			shellPath = /bin/sh;
			shellScript = "\"${PODS_ROOT}/Target Support Files/Pods-360iDev AR Navigation/Pods-360iDev AR Navigation-frameworks.sh\"\n";
			showEnvVarsInLog = 0;
		};
		588AA8A85910943A6C7193AC /* [CP] Check Pods Manifest.lock */ = {
			isa = PBXShellScriptBuildPhase;
			buildActionMask = 2147483647;
			files = (
			);
			inputFileListPaths = (
			);
			inputPaths = (
				"${PODS_PODFILE_DIR_PATH}/Podfile.lock",
				"${PODS_ROOT}/Manifest.lock",
			);
			name = "[CP] Check Pods Manifest.lock";
			outputFileListPaths = (
			);
			outputPaths = (
				"$(DERIVED_FILE_DIR)/Pods-360iDev AR Navigation-checkManifestLockResult.txt",
			);
			runOnlyForDeploymentPostprocessing = 0;
			shellPath = /bin/sh;
			shellScript = "diff \"${PODS_PODFILE_DIR_PATH}/Podfile.lock\" \"${PODS_ROOT}/Manifest.lock\" > /dev/null\nif [ $? != 0 ] ; then\n    # print error to STDERR\n    echo \"error: The sandbox is not in sync with the Podfile.lock. Run 'pod install' or update your CocoaPods installation.\" >&2\n    exit 1\nfi\n# This output is used by Xcode 'outputs' to avoid re-running this script phase.\necho \"SUCCESS\" > \"${SCRIPT_OUTPUT_FILE_0}\"\n";
			showEnvVarsInLog = 0;
		};
/* End PBXShellScriptBuildPhase section */

/* Begin PBXSourcesBuildPhase section */
		36000B3A2305019900AD733F /* Sources */ = {
			isa = PBXSourcesBuildPhase;
			buildActionMask = 2147483647;
			files = (
				36000B4B2305045E00AD733F /* ScheduleServiceTest.swift in Sources */,
				36780F27230C322C004439E1 /* RemoteScheduleServiceTest.swift in Sources */,
				36000B412305019900AD733F /* ARNavigationTests.swift in Sources */,
			);
			runOnlyForDeploymentPostprocessing = 0;
		};
		368D24F623009270003D014E /* Sources */ = {
			isa = PBXSourcesBuildPhase;
			buildActionMask = 2147483647;
			files = (
				36000B4D23050DD800AD733F /* SessionCell.swift in Sources */,
				368D250023009270003D014E /* MainViewController.swift in Sources */,
				36000B352305005700AD733F /* ScheduleTableViewController.swift in Sources */,
				36000B4F230628DF00AD733F /* UIColor+Hex.swift in Sources */,
				36780F25230C2F05004439E1 /* ScheduleService.swift in Sources */,
				36780F23230C2E49004439E1 /* RemoteScheduleService.swift in Sources */,
				36000B512306508D00AD733F /* String+HTML.swift in Sources */,
				368D24FE23009270003D014E /* AppDelegate.swift in Sources */,
				36C09C89230D5EFD00749184 /* Schedule+Additions.swift in Sources */,
				36000B392305016900AD733F /* Schedule.swift in Sources */,
				368D25142300BF31003D014E /* NavigateToViewController.swift in Sources */,
				368D251723043AE3003D014E /* Action.swift in Sources */,
				368D251B23043BA4003D014E /* MKMapView+Zoom.swift in Sources */,
				368D25122300B567003D014E /* ShowPinsViewController.swift in Sources */,
				368D251E2304F9E5003D014E /* UIViewController+Alert.swift in Sources */,
			);
			runOnlyForDeploymentPostprocessing = 0;
		};
/* End PBXSourcesBuildPhase section */

/* Begin PBXTargetDependency section */
		36000B442305019900AD733F /* PBXTargetDependency */ = {
			isa = PBXTargetDependency;
			target = 368D24F923009270003D014E /* 360iDev AR Navigation */;
			targetProxy = 36000B432305019900AD733F /* PBXContainerItemProxy */;
		};
/* End PBXTargetDependency section */

/* Begin PBXVariantGroup section */
		368D250123009270003D014E /* Main.storyboard */ = {
			isa = PBXVariantGroup;
			children = (
				368D250223009270003D014E /* Base */,
			);
			name = Main.storyboard;
			path = .;
			sourceTree = "<group>";
		};
		368D250623009274003D014E /* LaunchScreen.storyboard */ = {
			isa = PBXVariantGroup;
			children = (
				368D250723009274003D014E /* Base */,
			);
			name = LaunchScreen.storyboard;
			path = .;
			sourceTree = "<group>";
		};
/* End PBXVariantGroup section */

/* Begin XCBuildConfiguration section */
		36000B462305019900AD733F /* Debug */ = {
			isa = XCBuildConfiguration;
			buildSettings = {
				BUNDLE_LOADER = "$(TEST_HOST)";
				CODE_SIGN_STYLE = Automatic;
				DEVELOPMENT_TEAM = 268S5GJFWZ;
				INFOPLIST_FILE = 360iDevARNavigationTests/Info.plist;
				IPHONEOS_DEPLOYMENT_TARGET = 12.2;
				LD_RUNPATH_SEARCH_PATHS = (
					"$(inherited)",
					"@executable_path/Frameworks",
					"@loader_path/Frameworks",
				);
				PRODUCT_BUNDLE_IDENTIFIER = "com.intere.-60iDevARNavigationTests";
				PRODUCT_NAME = "$(TARGET_NAME)";
				SWIFT_VERSION = 5.0;
				TARGETED_DEVICE_FAMILY = "1,2";
				TEST_HOST = "$(BUILT_PRODUCTS_DIR)/360iDev AR Navigation.app/360iDev AR Navigation";
			};
			name = Debug;
		};
		36000B472305019900AD733F /* Release */ = {
			isa = XCBuildConfiguration;
			buildSettings = {
				BUNDLE_LOADER = "$(TEST_HOST)";
				CODE_SIGN_STYLE = Automatic;
				DEVELOPMENT_TEAM = 268S5GJFWZ;
				INFOPLIST_FILE = 360iDevARNavigationTests/Info.plist;
				IPHONEOS_DEPLOYMENT_TARGET = 12.2;
				LD_RUNPATH_SEARCH_PATHS = (
					"$(inherited)",
					"@executable_path/Frameworks",
					"@loader_path/Frameworks",
				);
				PRODUCT_BUNDLE_IDENTIFIER = "com.intere.-60iDevARNavigationTests";
				PRODUCT_NAME = "$(TARGET_NAME)";
				SWIFT_VERSION = 5.0;
				TARGETED_DEVICE_FAMILY = "1,2";
				TEST_HOST = "$(BUILT_PRODUCTS_DIR)/360iDev AR Navigation.app/360iDev AR Navigation";
			};
			name = Release;
		};
		368D250A23009274003D014E /* Debug */ = {
			isa = XCBuildConfiguration;
			buildSettings = {
				ALWAYS_SEARCH_USER_PATHS = NO;
				CLANG_ANALYZER_NONNULL = YES;
				CLANG_ANALYZER_NUMBER_OBJECT_CONVERSION = YES_AGGRESSIVE;
				CLANG_CXX_LANGUAGE_STANDARD = "gnu++14";
				CLANG_CXX_LIBRARY = "libc++";
				CLANG_ENABLE_MODULES = YES;
				CLANG_ENABLE_OBJC_ARC = YES;
				CLANG_ENABLE_OBJC_WEAK = YES;
				CLANG_WARN_BLOCK_CAPTURE_AUTORELEASING = YES;
				CLANG_WARN_BOOL_CONVERSION = YES;
				CLANG_WARN_COMMA = YES;
				CLANG_WARN_CONSTANT_CONVERSION = YES;
				CLANG_WARN_DEPRECATED_OBJC_IMPLEMENTATIONS = YES;
				CLANG_WARN_DIRECT_OBJC_ISA_USAGE = YES_ERROR;
				CLANG_WARN_DOCUMENTATION_COMMENTS = YES;
				CLANG_WARN_EMPTY_BODY = YES;
				CLANG_WARN_ENUM_CONVERSION = YES;
				CLANG_WARN_INFINITE_RECURSION = YES;
				CLANG_WARN_INT_CONVERSION = YES;
				CLANG_WARN_NON_LITERAL_NULL_CONVERSION = YES;
				CLANG_WARN_OBJC_IMPLICIT_RETAIN_SELF = YES;
				CLANG_WARN_OBJC_LITERAL_CONVERSION = YES;
				CLANG_WARN_OBJC_ROOT_CLASS = YES_ERROR;
				CLANG_WARN_RANGE_LOOP_ANALYSIS = YES;
				CLANG_WARN_STRICT_PROTOTYPES = YES;
				CLANG_WARN_SUSPICIOUS_MOVE = YES;
				CLANG_WARN_UNGUARDED_AVAILABILITY = YES_AGGRESSIVE;
				CLANG_WARN_UNREACHABLE_CODE = YES;
				CLANG_WARN__DUPLICATE_METHOD_MATCH = YES;
				CODE_SIGN_IDENTITY = "iPhone Developer";
				COPY_PHASE_STRIP = NO;
				DEBUG_INFORMATION_FORMAT = dwarf;
				ENABLE_STRICT_OBJC_MSGSEND = YES;
				ENABLE_TESTABILITY = YES;
				GCC_C_LANGUAGE_STANDARD = gnu11;
				GCC_DYNAMIC_NO_PIC = NO;
				GCC_NO_COMMON_BLOCKS = YES;
				GCC_OPTIMIZATION_LEVEL = 0;
				GCC_PREPROCESSOR_DEFINITIONS = (
					"DEBUG=1",
					"$(inherited)",
				);
				GCC_WARN_64_TO_32_BIT_CONVERSION = YES;
				GCC_WARN_ABOUT_RETURN_TYPE = YES_ERROR;
				GCC_WARN_UNDECLARED_SELECTOR = YES;
				GCC_WARN_UNINITIALIZED_AUTOS = YES_AGGRESSIVE;
				GCC_WARN_UNUSED_FUNCTION = YES;
				GCC_WARN_UNUSED_VARIABLE = YES;
				IPHONEOS_DEPLOYMENT_TARGET = 11.0;
				MTL_ENABLE_DEBUG_INFO = INCLUDE_SOURCE;
				MTL_FAST_MATH = YES;
				ONLY_ACTIVE_ARCH = YES;
				SDKROOT = iphoneos;
				SWIFT_ACTIVE_COMPILATION_CONDITIONS = DEBUG;
				SWIFT_OPTIMIZATION_LEVEL = "-Onone";
			};
			name = Debug;
		};
		368D250B23009274003D014E /* Release */ = {
			isa = XCBuildConfiguration;
			buildSettings = {
				ALWAYS_SEARCH_USER_PATHS = NO;
				CLANG_ANALYZER_NONNULL = YES;
				CLANG_ANALYZER_NUMBER_OBJECT_CONVERSION = YES_AGGRESSIVE;
				CLANG_CXX_LANGUAGE_STANDARD = "gnu++14";
				CLANG_CXX_LIBRARY = "libc++";
				CLANG_ENABLE_MODULES = YES;
				CLANG_ENABLE_OBJC_ARC = YES;
				CLANG_ENABLE_OBJC_WEAK = YES;
				CLANG_WARN_BLOCK_CAPTURE_AUTORELEASING = YES;
				CLANG_WARN_BOOL_CONVERSION = YES;
				CLANG_WARN_COMMA = YES;
				CLANG_WARN_CONSTANT_CONVERSION = YES;
				CLANG_WARN_DEPRECATED_OBJC_IMPLEMENTATIONS = YES;
				CLANG_WARN_DIRECT_OBJC_ISA_USAGE = YES_ERROR;
				CLANG_WARN_DOCUMENTATION_COMMENTS = YES;
				CLANG_WARN_EMPTY_BODY = YES;
				CLANG_WARN_ENUM_CONVERSION = YES;
				CLANG_WARN_INFINITE_RECURSION = YES;
				CLANG_WARN_INT_CONVERSION = YES;
				CLANG_WARN_NON_LITERAL_NULL_CONVERSION = YES;
				CLANG_WARN_OBJC_IMPLICIT_RETAIN_SELF = YES;
				CLANG_WARN_OBJC_LITERAL_CONVERSION = YES;
				CLANG_WARN_OBJC_ROOT_CLASS = YES_ERROR;
				CLANG_WARN_RANGE_LOOP_ANALYSIS = YES;
				CLANG_WARN_STRICT_PROTOTYPES = YES;
				CLANG_WARN_SUSPICIOUS_MOVE = YES;
				CLANG_WARN_UNGUARDED_AVAILABILITY = YES_AGGRESSIVE;
				CLANG_WARN_UNREACHABLE_CODE = YES;
				CLANG_WARN__DUPLICATE_METHOD_MATCH = YES;
				CODE_SIGN_IDENTITY = "iPhone Developer";
				COPY_PHASE_STRIP = NO;
				DEBUG_INFORMATION_FORMAT = "dwarf-with-dsym";
				ENABLE_NS_ASSERTIONS = NO;
				ENABLE_STRICT_OBJC_MSGSEND = YES;
				GCC_C_LANGUAGE_STANDARD = gnu11;
				GCC_NO_COMMON_BLOCKS = YES;
				GCC_WARN_64_TO_32_BIT_CONVERSION = YES;
				GCC_WARN_ABOUT_RETURN_TYPE = YES_ERROR;
				GCC_WARN_UNDECLARED_SELECTOR = YES;
				GCC_WARN_UNINITIALIZED_AUTOS = YES_AGGRESSIVE;
				GCC_WARN_UNUSED_FUNCTION = YES;
				GCC_WARN_UNUSED_VARIABLE = YES;
				IPHONEOS_DEPLOYMENT_TARGET = 11.0;
				MTL_ENABLE_DEBUG_INFO = NO;
				MTL_FAST_MATH = YES;
				SDKROOT = iphoneos;
				SWIFT_COMPILATION_MODE = wholemodule;
				SWIFT_OPTIMIZATION_LEVEL = "-O";
				VALIDATE_PRODUCT = YES;
			};
			name = Release;
		};
		368D250D23009274003D014E /* Debug */ = {
			isa = XCBuildConfiguration;
			baseConfigurationReference = 48AC4C60A3ACA9F1CAE6E421 /* Pods-360iDev AR Navigation.debug.xcconfig */;
			buildSettings = {
				ASSETCATALOG_COMPILER_APPICON_NAME = AppIcon;
				CODE_SIGN_STYLE = Automatic;
				DEVELOPMENT_TEAM = 45BLJDGAMS;
				INFOPLIST_FILE = "360iDev AR Navigation/Info.plist";
				IPHONEOS_DEPLOYMENT_TARGET = 11.0;
				LD_RUNPATH_SEARCH_PATHS = (
					"$(inherited)",
					"@executable_path/Frameworks",
				);
				PRODUCT_BUNDLE_IDENTIFIER = "com.intere.360iDev-AR-Navigation-WTD";
				PRODUCT_NAME = "$(TARGET_NAME)";
				SWIFT_VERSION = 5.0;
				TARGETED_DEVICE_FAMILY = 1;
			};
			name = Debug;
		};
		368D250E23009274003D014E /* Release */ = {
			isa = XCBuildConfiguration;
			baseConfigurationReference = D6E6296B617F283D3BD5FBB6 /* Pods-360iDev AR Navigation.release.xcconfig */;
			buildSettings = {
				ASSETCATALOG_COMPILER_APPICON_NAME = AppIcon;
				CODE_SIGN_STYLE = Automatic;
				DEVELOPMENT_TEAM = 45BLJDGAMS;
				INFOPLIST_FILE = "360iDev AR Navigation/Info.plist";
				IPHONEOS_DEPLOYMENT_TARGET = 11.0;
				LD_RUNPATH_SEARCH_PATHS = (
					"$(inherited)",
					"@executable_path/Frameworks",
				);
				PRODUCT_BUNDLE_IDENTIFIER = "com.intere.360iDev-AR-Navigation-WTD";
				PRODUCT_NAME = "$(TARGET_NAME)";
				SWIFT_VERSION = 5.0;
				TARGETED_DEVICE_FAMILY = 1;
			};
			name = Release;
		};
/* End XCBuildConfiguration section */

/* Begin XCConfigurationList section */
		36000B452305019900AD733F /* Build configuration list for PBXNativeTarget "360iDevARNavigationTests" */ = {
			isa = XCConfigurationList;
			buildConfigurations = (
				36000B462305019900AD733F /* Debug */,
				36000B472305019900AD733F /* Release */,
			);
			defaultConfigurationIsVisible = 0;
			defaultConfigurationName = Release;
		};
		368D24F523009270003D014E /* Build configuration list for PBXProject "360iDev AR Navigation" */ = {
			isa = XCConfigurationList;
			buildConfigurations = (
				368D250A23009274003D014E /* Debug */,
				368D250B23009274003D014E /* Release */,
			);
			defaultConfigurationIsVisible = 0;
			defaultConfigurationName = Release;
		};
		368D250C23009274003D014E /* Build configuration list for PBXNativeTarget "360iDev AR Navigation" */ = {
			isa = XCConfigurationList;
			buildConfigurations = (
				368D250D23009274003D014E /* Debug */,
				368D250E23009274003D014E /* Release */,
			);
			defaultConfigurationIsVisible = 0;
			defaultConfigurationName = Release;
		};
/* End XCConfigurationList section */
	};
	rootObject = 368D24F223009270003D014E /* Project object */;
}
